
Microsoft Visual Studio Solution File, Format Version 12.00
# Visual Studio Version 17
VisualStudioVersion = 17.12.35707.178
MinimumVisualStudioVersion = 10.0.40219.1
Project("{FAE04EC0-301F-11D3-BF4B-00C04F79EFBC}") = "FlutterMessaging.API", "src\FlutterMessaging.API\FlutterMessaging.API.csproj", "{11FBCDCA-4C0E-4223-A41A-A4181D88F968}"
EndProject
Project("{FAE04EC0-301F-11D3-BF4B-00C04F79EFBC}") = "FlutterMessaging.DTO", "src\FlutterMessaging.DTO\FlutterMessaging.DTO.csproj", "{DFA65551-75C4-4221-8079-A62408D2F4A0}"
EndProject
Project("{FAE04EC0-301F-11D3-BF4B-00C04F79EFBC}") = "FlutterMessaging.State", "src\FlutterMessaging.State\FlutterMessaging.State.csproj", "{092CD297-A00A-4B20-8395-61CC1687EC38}"
EndProject
Project("{FAE04EC0-301F-11D3-BF4B-00C04F79EFBC}") = "FlutterMessaging.Logic", "src\FlutterMessaging.Logic\FlutterMessaging.Logic.csproj", "{22705670-B63A-4A42-A5D6-95FEC71B473A}"
EndProject
Project("{FAE04EC0-301F-11D3-BF4B-00C04F79EFBC}") = "FlutterMessaging.ClientAPI", "src\FlutterMessaging.ClientAPI\FlutterMessaging.ClientAPI.csproj", "{497299AC-FEB3-4190-AB6B-2F01D8256347}"
EndProject
Project("{2150E333-8FDC-42A3-9474-1A3956D46DE8}") = "Core", "Core", "{BDC9C95E-71BB-445B-BF76-D3683FE10522}"
EndProject
Project("{FAE04EC0-301F-11D3-BF4B-00C04F79EFBC}") = "pzellhorn.Core.API", "Core\src\pzellhorn.Core.API\pzellhorn.Core.API.csproj", "{11D86BB8-11F4-4287-8932-205E275C4E6A}"
EndProject
Project("{FAE04EC0-301F-11D3-BF4B-00C04F79EFBC}") = "pzellhorn.Core.ClientAPI", "Core\src\pzellhorn.Core.ClientAPI\pzellhorn.Core.ClientAPI.csproj", "{49140B4E-2106-4482-9C26-5EAE6FF4D784}"
EndProject
Project("{FAE04EC0-301F-11D3-BF4B-00C04F79EFBC}") = "pzellhorn.Core.Logic", "Core\src\pzellhorn.Core.Logic\pzellhorn.Core.Logic.csproj", "{0BF7A05A-9254-4185-B178-C812F8ABB4F1}"
EndProject
Project("{FAE04EC0-301F-11D3-BF4B-00C04F79EFBC}") = "pzellhorn.Core.State", "Core\src\pzellhorn.Core.State\pzellhorn.Core.State.csproj", "{C4877BF5-BD9B-4AA8-965A-79E74569EFB1}"
EndProject
Global
	GlobalSection(SolutionConfigurationPlatforms) = preSolution
		Debug|Any CPU = Debug|Any CPU
		Release|Any CPU = Release|Any CPU
	EndGlobalSection
	GlobalSection(ProjectConfigurationPlatforms) = postSolution
		{11FBCDCA-4C0E-4223-A41A-A4181D88F968}.Debug|Any CPU.ActiveCfg = Debug|Any CPU
		{11FBCDCA-4C0E-4223-A41A-A4181D88F968}.Debug|Any CPU.Build.0 = Debug|Any CPU
		{11FBCDCA-4C0E-4223-A41A-A4181D88F968}.Release|Any CPU.ActiveCfg = Release|Any CPU
		{11FBCDCA-4C0E-4223-A41A-A4181D88F968}.Release|Any CPU.Build.0 = Release|Any CPU
		{DFA65551-75C4-4221-8079-A62408D2F4A0}.Debug|Any CPU.ActiveCfg = Debug|Any CPU
		{DFA65551-75C4-4221-8079-A62408D2F4A0}.Debug|Any CPU.Build.0 = Debug|Any CPU
		{DFA65551-75C4-4221-8079-A62408D2F4A0}.Release|Any CPU.ActiveCfg = Release|Any CPU
		{DFA65551-75C4-4221-8079-A62408D2F4A0}.Release|Any CPU.Build.0 = Release|Any CPU
		{092CD297-A00A-4B20-8395-61CC1687EC38}.Debug|Any CPU.ActiveCfg = Debug|Any CPU
		{092CD297-A00A-4B20-8395-61CC1687EC38}.Debug|Any CPU.Build.0 = Debug|Any CPU
		{092CD297-A00A-4B20-8395-61CC1687EC38}.Release|Any CPU.ActiveCfg = Release|Any CPU
		{092CD297-A00A-4B20-8395-61CC1687EC38}.Release|Any CPU.Build.0 = Release|Any CPU
		{22705670-B63A-4A42-A5D6-95FEC71B473A}.Debug|Any CPU.ActiveCfg = Debug|Any CPU
		{22705670-B63A-4A42-A5D6-95FEC71B473A}.Debug|Any CPU.Build.0 = Debug|Any CPU
		{22705670-B63A-4A42-A5D6-95FEC71B473A}.Release|Any CPU.ActiveCfg = Release|Any CPU
		{22705670-B63A-4A42-A5D6-95FEC71B473A}.Release|Any CPU.Build.0 = Release|Any CPU
		{497299AC-FEB3-4190-AB6B-2F01D8256347}.Debug|Any CPU.ActiveCfg = Debug|Any CPU
		{497299AC-FEB3-4190-AB6B-2F01D8256347}.Debug|Any CPU.Build.0 = Debug|Any CPU
		{497299AC-FEB3-4190-AB6B-2F01D8256347}.Release|Any CPU.ActiveCfg = Release|Any CPU
		{497299AC-FEB3-4190-AB6B-2F01D8256347}.Release|Any CPU.Build.0 = Release|Any CPU
		{11D86BB8-11F4-4287-8932-205E275C4E6A}.Debug|Any CPU.ActiveCfg = Debug|Any CPU
		{11D86BB8-11F4-4287-8932-205E275C4E6A}.Debug|Any CPU.Build.0 = Debug|Any CPU
		{11D86BB8-11F4-4287-8932-205E275C4E6A}.Release|Any CPU.ActiveCfg = Release|Any CPU
		{11D86BB8-11F4-4287-8932-205E275C4E6A}.Release|Any CPU.Build.0 = Release|Any CPU
		{49140B4E-2106-4482-9C26-5EAE6FF4D784}.Debug|Any CPU.ActiveCfg = Debug|Any CPU
		{49140B4E-2106-4482-9C26-5EAE6FF4D784}.Debug|Any CPU.Build.0 = Debug|Any CPU
		{49140B4E-2106-4482-9C26-5EAE6FF4D784}.Release|Any CPU.ActiveCfg = Release|Any CPU
		{49140B4E-2106-4482-9C26-5EAE6FF4D784}.Release|Any CPU.Build.0 = Release|Any CPU
		{0BF7A05A-9254-4185-B178-C812F8ABB4F1}.Debug|Any CPU.ActiveCfg = Debug|Any CPU
		{0BF7A05A-9254-4185-B178-C812F8ABB4F1}.Debug|Any CPU.Build.0 = Debug|Any CPU
		{0BF7A05A-9254-4185-B178-C812F8ABB4F1}.Release|Any CPU.ActiveCfg = Release|Any CPU
		{0BF7A05A-9254-4185-B178-C812F8ABB4F1}.Release|Any CPU.Build.0 = Release|Any CPU
		{C4877BF5-BD9B-4AA8-965A-79E74569EFB1}.Debug|Any CPU.ActiveCfg = Debug|Any CPU
		{C4877BF5-BD9B-4AA8-965A-79E74569EFB1}.Debug|Any CPU.Build.0 = Debug|Any CPU
		{C4877BF5-BD9B-4AA8-965A-79E74569EFB1}.Release|Any CPU.ActiveCfg = Release|Any CPU
		{C4877BF5-BD9B-4AA8-965A-79E74569EFB1}.Release|Any CPU.Build.0 = Release|Any CPU
	EndGlobalSection
	GlobalSection(SolutionProperties) = preSolution
		HideSolutionNode = FALSE
	EndGlobalSection
	GlobalSection(NestedProjects) = preSolution
		{11D86BB8-11F4-4287-8932-205E275C4E6A} = {BDC9C95E-71BB-445B-BF76-D3683FE10522}
		{49140B4E-2106-4482-9C26-5EAE6FF4D784} = {BDC9C95E-71BB-445B-BF76-D3683FE10522}
		{0BF7A05A-9254-4185-B178-C812F8ABB4F1} = {BDC9C95E-71BB-445B-BF76-D3683FE10522}
		{C4877BF5-BD9B-4AA8-965A-79E74569EFB1} = {BDC9C95E-71BB-445B-BF76-D3683FE10522}
	EndGlobalSection
EndGlobal
